
Microsoft Visual Studio Solution File, Format Version 12.00
# Visual Studio Version 16
VisualStudioVersion = 16.0.31702.278
MinimumVisualStudioVersion = 10.0.40219.1
Project("{9A19103F-16F7-4668-BE54-9A1E7A4F7556}") = "WebCellPhones", "WebApplication1\WebCellPhones.csproj", "{232EF4DD-CABD-41F4-A80C-4C252C34F77C}"
EndProject
Project("{FAE04EC0-301F-11D3-BF4B-00C04F79EFBC}") = "TestProject", "TestProject\TestProject.csproj", "{361E44C8-554A-4FBA-ACF5-DF2F0E426787}"
EndProject
Global
	GlobalSection(SolutionConfigurationPlatforms) = preSolution
		Debug|Any CPU = Debug|Any CPU
		Release|Any CPU = Release|Any CPU
	EndGlobalSection
	GlobalSection(ProjectConfigurationPlatforms) = postSolution
		{232EF4DD-CABD-41F4-A80C-4C252C34F77C}.Debug|Any CPU.ActiveCfg = Debug|Any CPU
		{232EF4DD-CABD-41F4-A80C-4C252C34F77C}.Debug|Any CPU.Build.0 = Debug|Any CPU
		{232EF4DD-CABD-41F4-A80C-4C252C34F77C}.Release|Any CPU.ActiveCfg = Release|Any CPU
		{232EF4DD-CABD-41F4-A80C-4C252C34F77C}.Release|Any CPU.Build.0 = Release|Any CPU
		{361E44C8-554A-4FBA-ACF5-DF2F0E426787}.Debug|Any CPU.ActiveCfg = Debug|Any CPU
		{361E44C8-554A-4FBA-ACF5-DF2F0E426787}.Debug|Any CPU.Build.0 = Debug|Any CPU
		{361E44C8-554A-4FBA-ACF5-DF2F0E426787}.Release|Any CPU.ActiveCfg = Release|Any CPU
		{361E44C8-554A-4FBA-ACF5-DF2F0E426787}.Release|Any CPU.Build.0 = Release|Any CPU
	EndGlobalSection
	GlobalSection(SolutionProperties) = preSolution
		HideSolutionNode = FALSE
	EndGlobalSection
	GlobalSection(ExtensibilityGlobals) = postSolution
		SolutionGuid = {1425FA23-CCFE-4E9E-9413-F99DF4C821FD}
	EndGlobalSection
EndGlobal
